// !$*UTF8*$!
{
	archiveVersion = 1;
	classes = {
	};
	objectVersion = 50;
	objects = {

/* Begin PBXBuildFile section */
		AD6CB27C2743E92A006920CF /* AppDelegate.swift in Sources */ = {isa = PBXBuildFile; fileRef = AD6CB27B2743E92A006920CF /* AppDelegate.swift */; };
		AD6CB27E2743E92A006920CF /* SceneDelegate.swift in Sources */ = {isa = PBXBuildFile; fileRef = AD6CB27D2743E92A006920CF /* SceneDelegate.swift */; };
		AD6CB2802743E92A006920CF /* ViewController.swift in Sources */ = {isa = PBXBuildFile; fileRef = AD6CB27F2743E92A006920CF /* ViewController.swift */; };
		AD6CB2832743E92A006920CF /* Main.storyboard in Resources */ = {isa = PBXBuildFile; fileRef = AD6CB2812743E92A006920CF /* Main.storyboard */; };
		AD6CB2852743E92C006920CF /* Assets.xcassets in Resources */ = {isa = PBXBuildFile; fileRef = AD6CB2842743E92C006920CF /* Assets.xcassets */; };
		AD6CB2882743E92C006920CF /* LaunchScreen.storyboard in Resources */ = {isa = PBXBuildFile; fileRef = AD6CB2862743E92C006920CF /* LaunchScreen.storyboard */; };
		AD6CB2912743ED14006920CF /* YourGuessViewController.swift in Sources */ = {isa = PBXBuildFile; fileRef = AD6CB2902743ED14006920CF /* YourGuessViewController.swift */; };
		AD6CB2942743ED28006920CF /* PcGuessViewController.swift in Sources */ = {isa = PBXBuildFile; fileRef = AD6CB2932743ED28006920CF /* PcGuessViewController.swift */; };
/* End PBXBuildFile section */

/* Begin PBXFileReference section */
		AD6CB2782743E92A006920CF /* guessNumGame.app */ = {isa = PBXFileReference; explicitFileType = wrapper.application; includeInIndex = 0; path = guessNumGame.app; sourceTree = BUILT_PRODUCTS_DIR; };
		AD6CB27B2743E92A006920CF /* AppDelegate.swift */ = {isa = PBXFileReference; lastKnownFileType = sourcecode.swift; path = AppDelegate.swift; sourceTree = "<group>"; };
		AD6CB27D2743E92A006920CF /* SceneDelegate.swift */ = {isa = PBXFileReference; lastKnownFileType = sourcecode.swift; path = SceneDelegate.swift; sourceTree = "<group>"; };
		AD6CB27F2743E92A006920CF /* ViewController.swift */ = {isa = PBXFileReference; lastKnownFileType = sourcecode.swift; path = ViewController.swift; sourceTree = "<group>"; };
		AD6CB2822743E92A006920CF /* Base */ = {isa = PBXFileReference; lastKnownFileType = file.storyboard; name = Base; path = Base.lproj/Main.storyboard; sourceTree = "<group>"; };
		AD6CB2842743E92C006920CF /* Assets.xcassets */ = {isa = PBXFileReference; lastKnownFileType = folder.assetcatalog; path = Assets.xcassets; sourceTree = "<group>"; };
		AD6CB2872743E92C006920CF /* Base */ = {isa = PBXFileReference; lastKnownFileType = file.storyboard; name = Base; path = Base.lproj/LaunchScreen.storyboard; sourceTree = "<group>"; };
		AD6CB2892743E92C006920CF /* Info.plist */ = {isa = PBXFileReference; lastKnownFileType = text.plist.xml; path = Info.plist; sourceTree = "<group>"; };
		AD6CB2902743ED14006920CF /* YourGuessViewController.swift */ = {isa = PBXFileReference; lastKnownFileType = sourcecode.swift; path = YourGuessViewController.swift; sourceTree = "<group>"; };
		AD6CB2932743ED28006920CF /* PcGuessViewController.swift */ = {isa = PBXFileReference; lastKnownFileType = sourcecode.swift; path = PcGuessViewController.swift; sourceTree = "<group>"; };
/* End PBXFileReference section */

/* Begin PBXFrameworksBuildPhase section */
		AD6CB2752743E92A006920CF /* Frameworks */ = {
			isa = PBXFrameworksBuildPhase;
			buildActionMask = 2147483647;
			files = (
			);
			runOnlyForDeploymentPostprocessing = 0;
		};
/* End PBXFrameworksBuildPhase section */

/* Begin PBXGroup section */
		AD6CB26F2743E92A006920CF = {
			isa = PBXGroup;
			children = (
				AD6CB27A2743E92A006920CF /* guessNumGame */,
				AD6CB2792743E92A006920CF /* Products */,
			);
			sourceTree = "<group>";
		};
		AD6CB2792743E92A006920CF /* Products */ = {
			isa = PBXGroup;
			children = (
				AD6CB2782743E92A006920CF /* guessNumGame.app */,
			);
			name = Products;
			sourceTree = "<group>";
		};
		AD6CB27A2743E92A006920CF /* guessNumGame */ = {
			isa = PBXGroup;
			children = (
				AD6CB27B2743E92A006920CF /* AppDelegate.swift */,
				AD6CB27D2743E92A006920CF /* SceneDelegate.swift */,
				AD6CB27F2743E92A006920CF /* ViewController.swift */,
				AD6CB2812743E92A006920CF /* Main.storyboard */,
				AD6CB2902743ED14006920CF /* YourGuessViewController.swift */,
				AD6CB2932743ED28006920CF /* PcGuessViewController.swift */,
				AD6CB2842743E92C006920CF /* Assets.xcassets */,
				AD6CB2862743E92C006920CF /* LaunchScreen.storyboard */,
				AD6CB2892743E92C006920CF /* Info.plist */,
			);
			path = guessNumGame;
			sourceTree = "<group>";
		};
/* End PBXGroup section */

/* Begin PBXNativeTarget section */
		AD6CB2772743E92A006920CF /* guessNumGame */ = {
			isa = PBXNativeTarget;
			buildConfigurationList = AD6CB28C2743E92C006920CF /* Build configuration list for PBXNativeTarget "guessNumGame" */;
			buildPhases = (
				AD6CB2742743E92A006920CF /* Sources */,
				AD6CB2752743E92A006920CF /* Frameworks */,
				AD6CB2762743E92A006920CF /* Resources */,
			);
			buildRules = (
			);
			dependencies = (
			);
			name = guessNumGame;
			productName = guessNumGame;
			productReference = AD6CB2782743E92A006920CF /* guessNumGame.app */;
			productType = "com.apple.product-type.application";
		};
/* End PBXNativeTarget section */

/* Begin PBXProject section */
		AD6CB2702743E92A006920CF /* Project object */ = {
			isa = PBXProject;
			attributes = {
				LastSwiftUpdateCheck = 1240;
				LastUpgradeCheck = 1240;
				TargetAttributes = {
					AD6CB2772743E92A006920CF = {
						CreatedOnToolsVersion = 12.4;
					};
				};
			};
			buildConfigurationList = AD6CB2732743E92A006920CF /* Build configuration list for PBXProject "guessNumGame" */;
			compatibilityVersion = "Xcode 9.3";
			developmentRegion = en;
			hasScannedForEncodings = 0;
			knownRegions = (
				en,
				Base,
			);
			mainGroup = AD6CB26F2743E92A006920CF;
			productRefGroup = AD6CB2792743E92A006920CF /* Products */;
			projectDirPath = "";
			projectRoot = "";
			targets = (
				AD6CB2772743E92A006920CF /* guessNumGame */,
			);
		};
/* End PBXProject section */

/* Begin PBXResourcesBuildPhase section */
		AD6CB2762743E92A006920CF /* Resources */ = {
			isa = PBXResourcesBuildPhase;
			buildActionMask = 2147483647;
			files = (
				AD6CB2882743E92C006920CF /* LaunchScreen.storyboard in Resources */,
				AD6CB2852743E92C006920CF /* Assets.xcassets in Resources */,
				AD6CB2832743E92A006920CF /* Main.storyboard in Resources */,
			);
			runOnlyForDeploymentPostprocessing = 0;
		};
/* End PBXResourcesBuildPhase section */

/* Begin PBXSourcesBuildPhase section */
		AD6CB2742743E92A006920CF /* Sources */ = {
			isa = PBXSourcesBuildPhase;
			buildActionMask = 2147483647;
			files = (
				AD6CB2802743E92A006920CF /* ViewController.swift in Sources */,
				AD6CB2912743ED14006920CF /* YourGuessViewController.swift in Sources */,
				AD6CB27C2743E92A006920CF /* AppDelegate.swift in Sources */,
				AD6CB27E2743E92A006920CF /* SceneDelegate.swift in Sources */,
				AD6CB2942743ED28006920CF /* PcGuessViewController.swift in Sources */,
			);
			runOnlyForDeploymentPostprocessing = 0;
		};
/* End PBXSourcesBuildPhase section */

/* Begin PBXVariantGroup section */
		AD6CB2812743E92A006920CF /* Main.storyboard */ = {
			isa = PBXVariantGroup;
			children = (
				AD6CB2822743E92A006920CF /* Base */,
			);
			name = Main.storyboard;
			sourceTree = "<group>";
		};
		AD6CB2862743E92C006920CF /* LaunchScreen.storyboard */ = {
			isa = PBXVariantGroup;
			children = (
				AD6CB2872743E92C006920CF /* Base */,
			);
			name = LaunchScreen.storyboard;
			sourceTree = "<group>";
		};
/* End PBXVariantGroup section */

/* Begin XCBuildConfiguration section */
		AD6CB28A2743E92C006920CF /* Debug */ = {
			isa = XCBuildConfiguration;
			buildSettings = {
				ALWAYS_SEARCH_USER_PATHS = NO;
				CLANG_ANALYZER_NONNULL = YES;
				CLANG_ANALYZER_NUMBER_OBJECT_CONVERSION = YES_AGGRESSIVE;
				CLANG_CXX_LANGUAGE_STANDARD = "gnu++14";
				CLANG_CXX_LIBRARY = "libc++";
				CLANG_ENABLE_MODULES = YES;
				CLANG_ENABLE_OBJC_ARC = YES;
				CLANG_ENABLE_OBJC_WEAK = YES;
				CLANG_WARN_BLOCK_CAPTURE_AUTORELEASING = YES;
				CLANG_WARN_BOOL_CONVERSION = YES;
				CLANG_WARN_COMMA = YES;
				CLANG_WARN_CONSTANT_CONVERSION = YES;
				CLANG_WARN_DEPRECATED_OBJC_IMPLEMENTATIONS = YES;
				CLANG_WARN_DIRECT_OBJC_ISA_USAGE = YES_ERROR;
				CLANG_WARN_DOCUMENTATION_COMMENTS = YES;
				CLANG_WARN_EMPTY_BODY = YES;
				CLANG_WARN_ENUM_CONVERSION = YES;
				CLANG_WARN_INFINITE_RECURSION = YES;
				CLANG_WARN_INT_CONVERSION = YES;
				CLANG_WARN_NON_LITERAL_NULL_CONVERSION = YES;
				CLANG_WARN_OBJC_IMPLICIT_RETAIN_SELF = YES;
				CLANG_WARN_OBJC_LITERAL_CONVERSION = YES;
				CLANG_WARN_OBJC_ROOT_CLASS = YES_ERROR;
				CLANG_WARN_QUOTED_INCLUDE_IN_FRAMEWORK_HEADER = YES;
				CLANG_WARN_RANGE_LOOP_ANALYSIS = YES;
				CLANG_WARN_STRICT_PROTOTYPES = YES;
				CLANG_WARN_SUSPICIOUS_MOVE = YES;
				CLANG_WARN_UNGUARDED_AVAILABILITY = YES_AGGRESSIVE;
				CLANG_WARN_UNREACHABLE_CODE = YES;
				CLANG_WARN__DUPLICATE_METHOD_MATCH = YES;
				COPY_PHASE_STRIP = NO;
				DEBUG_INFORMATION_FORMAT = dwarf;
				ENABLE_STRICT_OBJC_MSGSEND = YES;
				ENABLE_TESTABILITY = YES;
				GCC_C_LANGUAGE_STANDARD = gnu11;
				GCC_DYNAMIC_NO_PIC = NO;
				GCC_NO_COMMON_BLOCKS = YES;
				GCC_OPTIMIZATION_LEVEL = 0;
				GCC_PREPROCESSOR_DEFINITIONS = (
					"DEBUG=1",
					"$(inherited)",
				);
				GCC_WARN_64_TO_32_BIT_CONVERSION = YES;
				GCC_WARN_ABOUT_RETURN_TYPE = YES_ERROR;
				GCC_WARN_UNDECLARED_SELECTOR = YES;
				GCC_WARN_UNINITIALIZED_AUTOS = YES_AGGRESSIVE;
				GCC_WARN_UNUSED_FUNCTION = YES;
				GCC_WARN_UNUSED_VARIABLE = YES;
				IPHONEOS_DEPLOYMENT_TARGET = 14.4;
				MTL_ENABLE_DEBUG_INFO = INCLUDE_SOURCE;
				MTL_FAST_MATH = YES;
				ONLY_ACTIVE_ARCH = YES;
				SDKROOT = iphoneos;
				SWIFT_ACTIVE_COMPILATION_CONDITIONS = DEBUG;
				SWIFT_OPTIMIZATION_LEVEL = "-Onone";
			};
			name = Debug;
		};
		AD6CB28B2743E92C006920CF /* Release */ = {
			isa = XCBuildConfiguration;
			buildSettings = {
				ALWAYS_SEARCH_USER_PATHS = NO;
				CLANG_ANALYZER_NONNULL = YES;
				CLANG_ANALYZER_NUMBER_OBJECT_CONVERSION = YES_AGGRESSIVE;
				CLANG_CXX_LANGUAGE_STANDARD = "gnu++14";
				CLANG_CXX_LIBRARY = "libc++";
				CLANG_ENABLE_MODULES = YES;
				CLANG_ENABLE_OBJC_ARC = YES;
				CLANG_ENABLE_OBJC_WEAK = YES;
				CLANG_WARN_BLOCK_CAPTURE_AUTORELEASING = YES;
				CLANG_WARN_BOOL_CONVERSION = YES;
				CLANG_WARN_COMMA = YES;
				CLANG_WARN_CONSTANT_CONVERSION = YES;
				CLANG_WARN_DEPRECATED_OBJC_IMPLEMENTATIONS = YES;
				CLANG_WARN_DIRECT_OBJC_ISA_USAGE = YES_ERROR;
				CLANG_WARN_DOCUMENTATION_COMMENTS = YES;
				CLANG_WARN_EMPTY_BODY = YES;
				CLANG_WARN_ENUM_CONVERSION = YES;
				CLANG_WARN_INFINITE_RECURSION = YES;
				CLANG_WARN_INT_CONVERSION = YES;
				CLANG_WARN_NON_LITERAL_NULL_CONVERSION = YES;
				CLANG_WARN_OBJC_IMPLICIT_RETAIN_SELF = YES;
				CLANG_WARN_OBJC_LITERAL_CONVERSION = YES;
				CLANG_WARN_OBJC_ROOT_CLASS = YES_ERROR;
				CLANG_WARN_QUOTED_INCLUDE_IN_FRAMEWORK_HEADER = YES;
				CLANG_WARN_RANGE_LOOP_ANALYSIS = YES;
				CLANG_WARN_STRICT_PROTOTYPES = YES;
				CLANG_WARN_SUSPICIOUS_MOVE = YES;
				CLANG_WARN_UNGUARDED_AVAILABILITY = YES_AGGRESSIVE;
				CLANG_WARN_UNREACHABLE_CODE = YES;
				CLANG_WARN__DUPLICATE_METHOD_MATCH = YES;
				COPY_PHASE_STRIP = NO;
				DEBUG_INFORMATION_FORMAT = "dwarf-with-dsym";
				ENABLE_NS_ASSERTIONS = NO;
				ENABLE_STRICT_OBJC_MSGSEND = YES;
				GCC_C_LANGUAGE_STANDARD = gnu11;
				GCC_NO_COMMON_BLOCKS = YES;
				GCC_WARN_64_TO_32_BIT_CONVERSION = YES;
				GCC_WARN_ABOUT_RETURN_TYPE = YES_ERROR;
				GCC_WARN_UNDECLARED_SELECTOR = YES;
				GCC_WARN_UNINITIALIZED_AUTOS = YES_AGGRESSIVE;
				GCC_WARN_UNUSED_FUNCTION = YES;
				GCC_WARN_UNUSED_VARIABLE = YES;
				IPHONEOS_DEPLOYMENT_TARGET = 14.4;
				MTL_ENABLE_DEBUG_INFO = NO;
				MTL_FAST_MATH = YES;
				SDKROOT = iphoneos;
				SWIFT_COMPILATION_MODE = wholemodule;
				SWIFT_OPTIMIZATION_LEVEL = "-O";
				VALIDATE_PRODUCT = YES;
			};
			name = Release;
		};
		AD6CB28D2743E92C006920CF /* Debug */ = {
			isa = XCBuildConfiguration;
			buildSettings = {
				ASSETCATALOG_COMPILER_APPICON_NAME = AppIcon;
				ASSETCATALOG_COMPILER_GLOBAL_ACCENT_COLOR_NAME = AccentColor;
				CODE_SIGN_STYLE = Automatic;
				DEVELOPMENT_TEAM = Y95SBB38BA;
				INFOPLIST_FILE = guessNumGame/Info.plist;
				LD_RUNPATH_SEARCH_PATHS = (
					"$(inherited)",
					"@executable_path/Frameworks",
				);
				PRODUCT_BUNDLE_IDENTIFIER = bd.guessNumGame;
				PRODUCT_NAME = "$(TARGET_NAME)";
				SWIFT_VERSION = 5.0;
				TARGETED_DEVICE_FAMILY = "1,2";
			};
			name = Debug;
		};
		AD6CB28E2743E92C006920CF /* Release */ = {
			isa = XCBuildConfiguration;
			buildSettings = {
				ASSETCATALOG_COMPILER_APPICON_NAME = AppIcon;
				ASSETCATALOG_COMPILER_GLOBAL_ACCENT_COLOR_NAME = AccentColor;
				CODE_SIGN_STYLE = Automatic;
				DEVELOPMENT_TEAM = Y95SBB38BA;
				INFOPLIST_FILE = guessNumGame/Info.plist;
				LD_RUNPATH_SEARCH_PATHS = (
					"$(inherited)",
					"@executable_path/Frameworks",
				);
				PRODUCT_BUNDLE_IDENTIFIER = bd.guessNumGame;
				PRODUCT_NAME = "$(TARGET_NAME)";
				SWIFT_VERSION = 5.0;
				TARGETED_DEVICE_FAMILY = "1,2";
			};
			name = Release;
		};
/* End XCBuildConfiguration section */

/* Begin XCConfigurationList section */
		AD6CB2732743E92A006920CF /* Build configuration list for PBXProject "guessNumGame" */ = {
			isa = XCConfigurationList;
			buildConfigurations = (
				AD6CB28A2743E92C006920CF /* Debug */,
				AD6CB28B2743E92C006920CF /* Release */,
			);
			defaultConfigurationIsVisible = 0;
			defaultConfigurationName = Release;
		};
		AD6CB28C2743E92C006920CF /* Build configuration list for PBXNativeTarget "guessNumGame" */ = {
			isa = XCConfigurationList;
			buildConfigurations = (
				AD6CB28D2743E92C006920CF /* Debug */,
				AD6CB28E2743E92C006920CF /* Release */,
			);
			defaultConfigurationIsVisible = 0;
			defaultConfigurationName = Release;
		};
/* End XCConfigurationList section */
	};
	rootObject = AD6CB2702743E92A006920CF /* Project object */;
}
